{
  "hash": "fce1180a2da6d8b944837cdd9905b109cfc6a5c07bcc3345fc3b93c0ac6ea0ba",
  "hash_tree": {
    "context": {
      "child": {
        "file": "server/L10N.md",
        "hash": "0879bdf5dc534e1a0d665bfee7247bc56bdf5c07163f270a05bd2666a07536e6"
      },
      "file": "L10N.md",
      "hash": "5d5910c58a27c289d172b18f0bca28176bf6b6a74bd894e27273f55199cd2816"
    },
    "source": {
      "file": "server/priv/gettext/default.pot",
      "hash": "4f158895cb9d1030acda934eadca7e88f621fdefbfafe0ef5db7ad3a8c51bd85"
    }
  },
  "model": "openai:gpt-4.1-mini",
  "translated_at": "2026-04-24T08:24:37.596019Z"
}