{
  "object": {
    "pins": [
      {
        "package": "AEXML",
        "repositoryURL": "https://github.com/tadija/AEXML.git",
        "state": {
          "branch": null,
          "revision": "6eea665515d079c338690147082a8084a36484b0",
          "version": "4.3.0"
        }
      },
      {
        "package": "SwiftPM",
        "repositoryURL": "https://github.com/apple/swift-package-manager",
        "state": {
          "branch": null,
          "revision": "3e71e57db41ebb32ccec1841a7e26c428a9c08c5",
          "version": null
        }
      },
      {
        "package": "xcodeproj",
        "repositoryURL": "git@github.com:tuist/xcodeproj.git",
        "state": {
          "branch": null,
          "revision": "9e07138d737e88b940fbba8c503667339fe95330",
          "version": null
        }
      }
    ]
  },
  "version": 1
}
