{
  "hash": "a678fa8e453cda0667319309497dbdeda990b3452c644979b8b818572ee9fa1d",
  "hash_tree": {
    "context": {
      "child": {
        "file": "server/L10N.md",
        "hash": "0879bdf5dc534e1a0d665bfee7247bc56bdf5c07163f270a05bd2666a07536e6"
      },
      "file": "L10N.md",
      "hash": "5d5910c58a27c289d172b18f0bca28176bf6b6a74bd894e27273f55199cd2816"
    },
    "source": {
      "file": "server/priv/gettext/dashboard_previews.pot",
      "hash": "b41f3478ae49795e36c89f45b5b9ba0b916e40e094aff5605fd8a8accf9b7325"
    }
  },
  "model": "openai:gpt-4.1-mini",
  "translated_at": "2026-04-24T08:23:00.690338Z"
}