{
  "hash": "d147a31eb0bf356c5d3fa057ae65dae928ccd0eb57b5624226dbf90a4cda404f",
  "hash_tree": {
    "context": {
      "child": {
        "file": "server/L10N.md",
        "hash": "4b6d469c7014caa6766970af517055bd43685866b230e2545cce3b06044cec87"
      },
      "file": "L10N.md",
      "hash": "5d5910c58a27c289d172b18f0bca28176bf6b6a74bd894e27273f55199cd2816"
    },
    "source": {
      "file": "server/priv/gettext/dashboard_auth.pot",
      "hash": "186f5e7dc345f3bfc90002803ac05453d7c02ad66b04dc6be613838a83894821"
    }
  },
  "model": "hive:Translator",
  "translated_at": "2026-09-15T18:00:32.599644Z"
}