{
  "hash": "e3890713dbee8c14a8b8f2e69606e77a097ee6e7891017dbbe9085e7f3fe9ce3",
  "hash_tree": {
    "context": {
      "child": {
        "file": "server/L10N.md",
        "hash": "0879bdf5dc534e1a0d665bfee7247bc56bdf5c07163f270a05bd2666a07536e6",
        "locale_override": {
          "file": "server/L10N/es.md",
          "hash": "0fddcd4efd657f1b06dcfd0915245d2f172199275328cfa77c8f000c711a0361"
        }
      },
      "file": "L10N.md",
      "hash": "5d5910c58a27c289d172b18f0bca28176bf6b6a74bd894e27273f55199cd2816"
    },
    "source": {
      "file": "server/priv/gettext/dashboard_tests.pot",
      "hash": "308cce1a48a810b8812b0d1fc37460b3e7da413efacf0f90ac947c13d26666f5"
    }
  },
  "model": "openai:gpt-4.1-mini",
  "translated_at": "2026-05-05T10:48:17.098397Z"
}