{
  "hash": "33912344db8a3f377cb4dbefa5f202e3931e78e471e6fae8728de9e884364136",
  "hash_tree": {
    "context": {
      "child": {
        "file": "server/L10N.md",
        "hash": "0879bdf5dc534e1a0d665bfee7247bc56bdf5c07163f270a05bd2666a07536e6"
      },
      "file": "L10N.md",
      "hash": "5d5910c58a27c289d172b18f0bca28176bf6b6a74bd894e27273f55199cd2816"
    },
    "source": {
      "file": "server/priv/gettext/dashboard_tests.pot",
      "hash": "5de55a7727d129b6915096caa405778953456be98248c44ef347f57fed6aad9a"
    }
  },
  "model": "openai:gpt-4.1-mini",
  "translated_at": "2026-05-06T14:51:17.584485Z"
}