{
  "hash": "bbbd03511c03ab32b4d5f0517e7d6d93f1ff2b77664f74259c143de7e5996e07",
  "hash_tree": {
    "context": {
      "child": {
        "file": "server/L10N.md",
        "hash": "0879bdf5dc534e1a0d665bfee7247bc56bdf5c07163f270a05bd2666a07536e6"
      },
      "file": "L10N.md",
      "hash": "5d5910c58a27c289d172b18f0bca28176bf6b6a74bd894e27273f55199cd2816"
    },
    "source": {
      "file": "server/priv/gettext/dashboard_projects.pot",
      "hash": "8b2c8fd23fc29b08b7737d30d8f1702a9ab2eca010eb51315f21b3ab4a3aff63"
    }
  },
  "model": "openai:gpt-4.1-mini",
  "translated_at": "2026-04-24T08:24:53.016052Z"
}