{
  "baseline_schema_version": 1,
  "hash": "bc09862a95df92d2be6432ca3c3e46143dbe801d9846dea07f8ac59eb0712068",
  "hash_tree": {
    "root": {
      "children": [
        {
          "children": [],
          "hash": "dd80dcc3bef755e96b77d8e6186099f6bd4a5c4cde080c71d77fdc20c89b0907",
          "kind": "source",
          "label": "server/priv/gettext/dashboard_gradle.pot",
          "metadata": {
            "content_hash": "8fb6ea16b8f5a1d34d5aafe174d870fef0c43c9c07754f0bd41a5741241eb519"
          }
        },
        {
          "children": [],
          "hash": "0a5b1d316289aa5227965b9e8e57f7fdfccf143bb4eea42e7ac2bbc32c7d472d",
          "kind": "translation_config",
          "label": "generation",
          "metadata": {
            "custom_prompt_hash": "e3b0c44298fc1c149afbf4c8996fb92427ae41e4649b934ca495991b7852b855",
            "format": "po",
            "frontmatter_mode": "preserve",
            "language": "Spanish",
            "locale": "es",
            "model": "",
            "preserve": [],
            "prompt_version": 8,
            "provider": "",
            "retries": 3,
            "segmentation_version": 1,
            "source_language": "en",
            "validation_hash": "064760dc472b525acbc80c5ce08973a94fc7a5b06ba42cfab835324c7c048924"
          }
        },
        {
          "children": [
            {
              "children": [],
              "hash": "00e0cd97c8c4aaf6e83d3e5200dc6652cc1753062e1b504dc7c47ba18e305f19",
              "kind": "context",
              "label": "project",
              "metadata": {
                "content_hash": "9579643f45897a82884d1b30480694e6029202260f47529196bebbf4a44d9065"
              }
            },
            {
              "children": [],
              "hash": "971bd2e703d1808e563b5e080e6cc74676f8b07f109adfbddc4c3a51ba93297c",
              "kind": "context",
              "label": "locale",
              "metadata": {
                "content_hash": "ab0896980525bb1cce34defdf4a74be1c02f8790addfd3363a65949f46eeccbb"
              }
            },
            {
              "children": [
                {
                  "children": [],
                  "hash": "1ce1060bb675f8cc75ef107e56162abcff4ca3e6f9f3adcd41022326a1dff73e",
                  "kind": "context",
                  "label": "voice",
                  "metadata": {
                    "content_hash": "12ae32cb1ec02d01eda3581b127c1fee3b0dc53572ed6baf239721a03d82e126"
                  }
                },
                {
                  "children": [],
                  "hash": "70a46d36422990ac658b3e9615b5a3ec8c9ab24e53c20ac6e06aaafb9ac57183",
                  "kind": "context",
                  "label": "terminology",
                  "metadata": {
                    "content_hash": "4f53cda18c2baa0c0354bb5f9a3ecbe5ed12ab4d8e11ba873c2f11161202b945"
                  }
                }
              ],
              "hash": "dcebe04e5b7d13287ceb7e484de7b00a697c7ae291f406ec32563e84ccfe7c11",
              "kind": "server_context",
              "label": "organization",
              "metadata": {
                "compiler_version": 3,
                "selector_version": 2
              }
            }
          ],
          "hash": "e4e44cde8e6fa48f684d965343a429355cbe3b7f0d3295ae722ebfde5da9e24b",
          "kind": "context_bundle",
          "label": "context",
          "metadata": {}
        }
      ],
      "hash": "bc09862a95df92d2be6432ca3c3e46143dbe801d9846dea07f8ac59eb0712068",
      "kind": "translation_input",
      "label": "server/priv/gettext/dashboard_gradle.pot",
      "metadata": {}
    }
  },
  "model": "",
  "output_hash": "4e6a285a93666b5d397a7e13a32c3723d9bf411197fedbb392ba4383b85287a7",
  "output_path": "server/priv/gettext/es/LC_MESSAGES/dashboard_gradle.po",
  "po_units": {
    "00451ac64ee9dad408e318ca1e6a663d4f538e6f997bdef628a379f30c7b95d1": "efc2343a57a45f8c70e97cbbbc9d5e0f57f141987dbbbb3375fdc1f07a5ab0c1",
    "008faa9b484f9b53498a48b822e0f6eaa4c012aea18ee799fc5d395ee79b0430": "0adc769dbef6b630c09df47736b1ac68bb611942f761a5b16ee32bba633fed37",
    "01f1ae6ece9051137f1c33feacd8aed98cb3279a014214af29c9d63b4b88dc8b": "973df6025a082ad149927469baa4dfd55936c8b89edb6e1c0edde9175a2eddbf",
    "0229cd6ffa687e2617297df0f26731595f82b8f58ef91c1b8c0b9af25558f4a0": "d925d839171afcee18338147608617e5a0dd483581945b696ae8fdfc343a86f8",
    "026859e7efa87d30b7f17c2a4bcc2f18999891471eb6e0a37508dd53d1c977c1": "eb47b9084391eb44a4c732a3fcd3e1fec93376755a32e35e2aae78d461d58478",
    "0279bb75cd10871bb9e5b59dd50f880b09248ea964c7a116ff90272f989ba6c7": "0762de65f3784c2f2e7a902b474c182827a5d2a0837aa72ab3208461793e4957",
    "030e50ba952ecfa10c9a5c88a8f5df2acc512b026766722d9f91597833603daf": "fc73a261eb6ddbe18ed566cc707d8307428bfbcdd43990d2398fd84f8893ae8d",
    "0519922cb683aa5e0466dd7df971c5f5283561e0105c3c2ba91927eda425564f": "3509c31886fecdc6d8fbce6b6df9a2631ce7ce2ada20b3fbc63d64e5695b54b4",
    "060ec2f23dffaa4df591b1efd8d75acdabbae3eb5dac4c4ec6aa9f546f3f75bc": "8a6548734b38826938812bf7e4af67a1b950880b9135f1dc2b520bfdf39c3a39",
    "062f540c5ebb9255520d2f2946a451d229d0e8f24cd06b0ef39bb0dcd6ca0300": "4fb9fa5e1c581c577a7197cc6b4bb2d3022ff607388b5689bfd6b651f1a313fc",
    "08a0de8d1a162fb7277561c9c4bf332948978a1e8ec56ef3a9e708e0dcbd1c26": "505bb5c901f74fa370f8da0481adfbe5f2fbeb13c48761dec997daf2a2414e33",
    "08a85e724fc7904d8efed9090ce051679f76648eef6200ee16fe7275cf92bf04": "9723dcd7e6b9525df2e38482526234fff74273d5a50a1b3f99e39a214390170a",
    "09e376d221523941498bdcfea76287ca10e3131e8e2776df89895bde71993bf1": "04266ad929e7413df7a4072d416c4223bf92379f4ea68567d2c699190bbc8fea",
    "0a09d24626bcf094fde0c7262fb37a7f68558787fce805d29b593a71b541a9b5": "79d0a45127f62c33fed58d5a432e5c1bf4357a58f6f78b0b3d353a4cdfbd0a74",
    "0a412cfee36c2c326d59b9f51e17699837f3322122f370242fc06f3f84acc943": "c5bd0600f3c416cb962e5b52865feb93a92562be8ef4d977bef9d8bf6377a08c",
    "0a4c4f79319a12160fde93e94d87c667e2b49de8257418ece946c6b5f6ad9015": "d500292765cdbe62ea308b9758b22353359e34656d6b3b608dd210f125262ba6",
    "0a6d7d5ddeabb8d1c18768213c1b761d896ad77f6152003c0de75c1fb05dfb48": "de5e368f3579276568d967a5b769420bb699d54f23f1fb26d440634555183218",
    "0b30644907cd5e4b28b58bfc81b2695f6d0e6ef1d8a2d91be80be3b6532fd592": "27b76f978aa411249d0a5fb22e6d60ba838aabe0be03bdf7a3b92c85d5fed7fd",
    "0b6db1669c49e498d58a7b38369e8ad202db5cd2d0fc0f4229af83b719a1325c": "1b2036667c9e99cda79f219e7947414b845b6b80e12981f1e998e58ccf2638ce",
    "0bb9b2f9455d8048d30ad44b5216a0b00136c2d95b83452ae193edbbf8833b3f": "b978cbc335fe9cbe584028c03c9e5d9723fe8d4986640e9977ca3b948ac1e304",
    "0bbeee9940d3ba4b57d927823c15bfd93b4b350ed581cec96eeff140080b6787": "e5db20ef45b67869d4631c03dcd570c3d67edda45f20d24cb4b366ca20d5946a",
    "0dbb3f41496255b18f1e3d0ea5b75b1601a2edc8c230a24ef6845b16854bcb22": "d12ac5af4d77ac5d6e3aefa1204af8de09bbbdfe2f7cac080f1a3b3bd866fc24",
    "1025ad7d95ae18e12aa05543f0eb7ff2608ec88b8f41f8da106fedd90739852b": "5439e060070cf1d5f7741730e9700a0ceb346cb3823043d1d5f76f6cabe77c05",
    "11e29cdc7ca6572489ebbbdb198f7c1c0f1ed142a1371575267ba99dce255ac4": "c9024530ed7798e9777958ee317d06ca160b7428a0114e6f0058f727807dbdfa",
    "12a8985badd476282a9a4e4022008b23f8e6f5b228c5b7243975677ca4d7f3f0": "65c66f4d351bd17edc4fa30cd5970ce039101e9f1c686b9a73a95022f6f7e0c7",
    "12d128223b40742be0a1e31c6ab1ca313c12f5f0b55142dbfc960b814a1318a5": "187a15a074f0a1836482c83685941dcbe9d52061b183df6bf8c1a587135732b0",
    "1475ae52c1c674db9d7b53007a5ae70b10933386bb8076aae3d76acbb8865d3e": "22d2e293b8d31146c39c5fd491d7500e247cfeee10012ea683e69545f08d031b",
    "14a38cc935a3206db42ecb9dde6f1038614d17c94e199a1474c2790382b468ae": "9a1b068dba589d044cfdf3fc07feea3644323f6af5db15b8cd6e60d360d5e851",
    "1584c7282eb489c2cfe53f5cb69bfe863fc9a824f43660aeb86f5f4c828b3d3d": "6e67ed0f5e8bc1799618939cba10e021d1160f10b2066b8c5bde6ab323ea21af",
    "15f1ce47149201fcd7416abd6386160bc421d640e7e5472fd17c6eee1f3fadb7": "3a8e3823af2d8622b345284774b81de4151a46cdf6a728722af20ba367396871",
    "17611b5907197c0a0c559e83a24af3049c353297836b7dcc05515d1c0e71a318": "900d3fe8daeef85dde284f9d261b44c4f5c7201df15a0fa189fc06d182b42b12",
    "1a43b63b6cb19f0398cb0cf175207c40ec3f487b6e3fbae63a74319097609c2b": "2614c6c98cd5fac9767724fcb1e9e892b250f1020704f8c568e8cab3e6046538",
    "1b159fb89f257c88a55d2fe5534e17079f7861d18be4ef022e614f3fc5f0a164": "33bf36357a8c16e763243f9c80d43ced8ada3e96d6e5d3c76980475dc9805939",
    "1d864bf963322d4f9e50f75568700294ede174860b5ef0c30cb0d6aeadcd05dc": "c3f5bcf20bccd474724e294bf1541809aab7662e50059bfb5f73aa926545727c",
    "1e32eb29e2a1b027cf78596638854909220ba1771862a37d971c5cc554afc390": "736508c4f46ba788f813afca4b0907e1aa8ae8cb1332fd9b95a79ef329ce95a9",
    "204aed192bc15e453a60ae4907c84a61e2266295eabae875647431179d15a308": "da90f73ed8a32a2ca74447ad9ea4b0993f3d0c66d500fb521ca76352ad2bfe98",
    "20b6192c8c462c0b09bc4fac95110f2e89f480e20bf2495205dfc4c0bd64a81c": "1f6fe5e9305f8928f82ee079d22f75814b11de797410d19db230f5cdfac10341",
    "21889058a9e1934042ff4a2b3df1df502255e0d74ae5d00227df39147b26aa25": "84aea42f164f9091ada43527a54218b6617ffcb1dba5d6cebcf6afc9532a7984",
    "230895d0a30721ac731189b2f96aa00eec445c72b098fea60d3063a4c1191ded": "d54fe16c16740639b7618b1930aee70115c32fd564ee23b87415ac35eb7c9b80",
    "253857e3cf53c8086c0b8f5b450956bfd018f5ae400c2e25136468f973607a44": "0adbbbde2af8ad659667dc0ff6cf784573baaeeb8ae47653408083bba5ec0593",
    "279a4411dd8e1ba06a2846431567fef00c298977d5a2a3b22ba621b257efe63a": "8c470c82ae7fa0eb2807382a42dfbfa1c319a7c250fa418b237b1bd9dc1629fa",
    "296728b6c8bae565a04d106e7f013ef9fdef87366fad1c33e551f87f3f474818": "050bacca23d2170e60e6c1bf1cc5ac4364578a456bda89fd99f24e5c5316c925",
    "2a1ee02f8204dd040993fe7a43e7a31d0b37a4759e46dc0acaad1aaa83dfff1c": "f61e6ad591d717963b760f94c8be2b257fe231d945218565b8ce64cac5e97dc6",
    "2b62a57d5abaf43096f22a7501de1de544775e52646765255cd2bb59c2024919": "2d2c6f65012aa69ab70460dd046e1b83176334ec862ec59b740904f5334e5d1e",
    "2b906dc6005363d04902dcd72bc65f74e78ceb29c62874ad74b016508cd870a8": "2fd2c5551e02967fdca5b075eea743757a670a4753cf69e1bcf171a118f79253",
    "2c7c9060db66287d145ede0acf95851788bf93507fa1c481d41ced88fabe0bb2": "736418eb249825980c9237caaedb84ab9c5355e9bff555e13bf8a84b84dfcf82",
    "2c9e0fa31911f9ba2c3154f030929126c4ae028ac3b66f5e1f0040ac588170f7": "016bf40b988d1c3316453e5b56794747b8f2ee9842e5ca1669f17f2b0e74f873",
    "308cdb7d6d2f407df46d53d1f3239c9dd580d9f1f7b971834668b43325a4a0d2": "d5a63eae6df3cc3cb77a5a3b6caeb19bc0cd3da63c286754baec7bdf10c73b56",
    "3236f42c97da9f485e42aeef00c0aaabaf5e4239793f7605bba0de556030e3bc": "60f80a467a9c6f089221ad43710c4de6e51f0c54b8865f199546b6b97024e365",
    "32e1a46695b2c65dd20c52e26b9080b47cc030a34b06903a6e0f5169c55d8fe2": "d6c19a8c53799d7dfc3de367f4a1d8d6e58d0a4069aa973e49437b838032db90",
    "357ad1422fca92d7819a4df61066536d9822db4a432a365618301e08cf3f0023": "84defe252b947c1a6329fc5dcf7ac9dd3364d3f49b2810b79e5170796496278b",
    "3690ba876c3b195ce02636514038dd21766c308e4a19e18b21d734c6261b68ae": "20f89e45fe3907705ae154438a7632ea69f3d75e63d219ef3c83dd4d132e7f32",
    "36ae65c39d779a52de250960f18bf09574be076b75a063509bcb804e9bdbcc85": "d65e03023b1a85de73c667530f8310bd4cf40be2398c50bf9ef9c09fce85902c",
    "380452582f11b55f1fd591d4f2cd306e8ac48fc2b452a42a7afc87af82baf166": "baad46f6e519da372ce05ccec2941f5b303271c05de81656540d10b4da74d4e4",
    "3a7d50eb2feb58d218fabf5629b0070ca5b45b9297a3e18ec4cee0d6b522b861": "c001b857b90bb5790fc6446ff1c2a099558686030e2edcba6912065b365a4770",
    "3aa1feae3211b771846ef586263ec67896b9d8eddcdd1cf0355166349f66d63d": "05a474ddbe448fecd05587427b8cfb1cdb17d7779749c811b2490d70676a8b98",
    "3adbf7a76f4fd89b1437dd9fe34c3ed90b6511137868b0c5c10f7ee7eb8293bf": "483571f6d429fb3b08dec78a1222adf3ce37853080f614c390188e49a1915be0",
    "3af4b8dc807e854857edc936d7933805341a8991e666bf040b36119c0b764310": "5d979e574fb748fc49e55f02213e1b3919eab230600610345fe5a2ac66303ed1",
    "3c523e9bfb0f7d7a694aa9da7e1c63c3601b1c85938b29e2fff5b493b64f4afe": "3fe922db10e551c6bc0a9f479cbf3c96ecc4ad5251c03cc6c2d1cb9969ab459e",
    "3cfaad557729829d6e0c761675cd42b8b84638d05f89a5467a815fd749168d6e": "04fae321cac0e7c19a05613ad2ddf4eb71b75fce9672ee9cf37a79f1efa79a73",
    "3e7ff1ac0af9990dd3e9d76b136152403a6faf0383c3f552797d6ddb9f7137f9": "8e0c622273c0d8c20173c0f204da5bb2e8e83b236f9cca07798ad1142fa9fb0f",
    "3e94f78e5f24959acbfa8ac9b6f5b01b1cc1921ee2b9bd13e3f1020609d4f29a": "ff71f6de38c77ef4a2a16f4e5aaced281e89d9acae30a946e178f801d64c5300",
    "3fc2fb5c99fab5365dd56bfe15ad26e2541302f3455251cc07216a7c80a13937": "f3f03feb28ed5e1090fc3f6d63ccf32bd33b686082ca32f3d13ace8aa40c88b4",
    "4024b03f399005334736b1e6100deff23d46dad8456a65b85fd821fc4bf17d3c": "7aef9b14e41e4200e83e7bca2cfa6c76d93738921ce925f57b43ec9875d50d7a",
    "40641002490a25058b32f2fccec45602d9d0b7252a3d2deefd2d8c5160c3f926": "2133a3366d06efe64cafa1b7afda88134afcec27b83e3f5a61c84c5d6990f8dd",
    "425e964730fad48a7395bbb538f8194b2a1790dbb3e7b1d1398da00bc5ba22c0": "78ae9dc866634d1e2c13643698d8b29254b6def3366ec20661f0c9936a6084c5",
    "42c9f7be710e45a57f694ab895550b78fe8c01cef2f5c45caca5edb265d1b0f9": "0c3f957f0e2fb86761e7eb7e974694c15ec071f32917a977163bf2ae6f03da33",
    "435c169d97ef1a37adfe362aca3024cddd3e457a8e102477e6cc8a2c1ccac7b0": "b36826b28279ed18491cd461f150c9422df28afef7f10503c8db00ddbe378047",
    "461107cbcec3d4e3b3cc74b5ef7948df33fc5401e08c8daf6144834fe1da5d4a": "e5ba8498c9bf32c38baaa4a0308c27e5d16e39cb5d70dbefbd82b085480c7956",
    "48e7de59c622b9e9104817417f311991c921d8c02b77f1f2496e3048ddafef60": "056135107b74a5c49719d8c73c04c0a226368f5e86efa82657c7ae839d732770",
    "49754236d96392a476e1fe61d60e717fcbb0e9f0926138671c687bfd2f3faec3": "53f24df8cea923b62337246030cf7eb72416a4cfadb2de11791c9e7040ef3d8e",
    "4a5c2780c88db09af190a0ff12f4adbd4c6e5bc989f7b7887c096bc3c646b21d": "f762cf259e839c6d0626d43558a1ffe1857d54ffae744b2730e254e2c3149edd",
    "4b56c5369ddcc811e59e0d4559a8fd5a6d14ea20c5a6470c157d57d616f41d8a": "4efcdb702f8d95141905864851bf87896fa6a42fc53205e9d1e212f9f77d078b",
    "4b9f30ccd19f051f0ed3530598dba432692f99ac3c284b4d3290204bd15eb1b0": "9f593af2fdc21d14ab8711ad919b816b5d36f76534c9085ff19acfa06046b8c0",
    "4bb5b0a54d795628ef8d5bd7062ea0f4bcb18c576661b5df02000c4851d23263": "3c94e50345e74f2884a95a537d4bce8261390b69df14542c3650a87a9027bdfc",
    "4d40ab1c62d4a74e398e63007be42590e3bc61beec43bf02f2f3175756f54fcb": "d343f44f021d46e18ef6e6d9a66cad91d722dbd262e4c59a5ccc3ecfd230b9af",
    "4f563aa12ee4792b8ef6edab0a1eeb997d2e5ae98f4bac27959a21355f9eab4d": "4a99f001226b607e7792360d033e77ba796e7e569780f94efb5945734215ead7",
    "514c9b68526e721181c75d2d7f6067d4050c18c899e869d73bfb0794bc5db052": "1b4993c94496fa5bd39a248c84c3abbd3f02602bae275599b0b727f68c98a992",
    "5185e6802e02ca66cb89e82f0a2463c589d552958055be01d5325f9acae0fda7": "9ed5d27d9fd26b639a71f429ff9a8968dc336929a9973deba4f0f92f006ae534",
    "53d92c66749a4f2a5f6ba377e86dfd99dbfc122bab85d3e5877cfa329e465360": "39bf925a909c2411b82d29c37bb88d1e4eb25cbe9ceb8dd236cc5ef93fc0b33b",
    "543b754da504920a303d6947bd241d780d136c3d74c8e3e4704452e96d1f5bfe": "0a90c9c4968fa9738123734a7805ade6d0a761cb0f53ec79c7287a28b9464721",
    "55031ffededf3d69e999c10513ea45ecf5af312b4330feb85be431bc58d70ed6": "09b6de4807ccbce64081f160904a77e18836dcc23bf18ed3b49f29894b0bf1b8",
    "557b26c913958b22c863098bcc676e02fbd5d84147f23f2563238b5dd25c3d54": "5b0852892f58494b6604329aa631804c6a2837dab3f63f5f15b9452e8945e454",
    "55ec671fff35d66fb33d7e715df7a94ff262883d011dd8680a6f514f924e5843": "f9efd115857dcbf5660c89b2f14fe525586cb6570168bd5c2fb6a1649febd3ee",
    "57578802df182b314b934ab55a66ef6ebd820eb4ac9dac1283daf6aa8e496473": "35fb355f662e0ed39a155348981c271c98a7928ce6a1b3c9a8439ce3a902179a",
    "57fdd0c1ce66f3c247c1707bf30bd29b91e7230d153fc7ef752b3f1a98c7abfc": "8511f602a9b2334d5440416657de43cce80bdd359b057b13c672b02eecebd636",
    "58d7ee4e24feece489087c1fce774acc68f39653018c3cbd19e219f745569c43": "d5d81c7105cebd08b5065484cb41442c86fe58949a98669d73ccdda284236e58",
    "5d21a30338e56d9f3445fc0585f2275ed3ab60549ab80d33134cf2ea9bf2ae7b": "9a3643b72ad4558308ece78f85dcbf78c54e93fce7a26e32be62de659b9dd287",
    "5d4b882667595b5977e2f712ed355b94384b9981d1598107947505c403d213e4": "707302e4fc3a98f70461ac110b75f7ad00e4bdb7d2a9f731660469b2f984c556",
    "5d57340b76a48a3f830ad34aaae687fca30aa80fa2d1055b0caa8224160fdc4c": "5449c6d1988ca6caf7063147198a31d8dc31294b4e27d9b99166c09783c2177f",
    "5dce7d673b3c858af4116ef1ee3e1d00cbb61ca065ae271327f2dacb4c2c339d": "055539df4a0b804c58caf46c0cd2941af10d64c1395ddd8e50b5f55d945841e6",
    "5e6096eb6fc50e8075d274d6bd79ae251ca229fff06a461427a323e7ab393f0d": "a5b427e34a36fe628081674d513b23f435eb12c63aff375f10651f617c74c247",
    "5e8bb2b3f1353ad8c08f198c01e0a54061974c98ec37521a7ecde457fcb67f26": "34426607f9f5053bca826c8512f2202669aed5b60586e0ed54293388b979b5e3",
    "5ec64caf4f34ce2d77ced22962d95c4c72c4ba95f6f7b60a454531f118de0e51": "2932ce7e5671c531e0f00c7f62326e4dbd109862070cbacb76724b2e9ef09581",
    "5f80adf63c525103ef8643f0b6119e6013bb33f72fbf45047d536b029c922a3e": "621842e24d9b30c958dffa7ee07dcbbf77a881764ab0bc41db2bf2c9f98112f1",
    "602706096043c7d3a1ead095da4a85f996a56695a1707d8a510ef889516ffb75": "7874c5a026312878197738d3f2d712de7da07775bef2b35798dd3d468adde4ad",
    "61bbaa971af4fc931f3f06a81c26e22b33842b5ae0527f78f3468213f48da466": "c85f467b778137e8e2b8a7c8bc122f542c76d02f6775c410d3d1e9bc97127478",
    "62d186fd39b8dad70854f3cce85200db15c3e3cebf7612cecf78e7623d1167fa": "6a3b59994186ae315d399642cf4b081042ae8ecff9610b6aa2628795a891fcc2",
    "6360de971c346739347df4218515e0fc1fd572c90fe34e328bc0ec1b8ff59ad8": "206b02b05258ef2ec385f414e607fdbe081205f38073689db13818bd3be47754",
    "63834aa16bf1f4c0ab54dec47ad3b0070094ee1d99e985c5d147d3e56dd32788": "449f7c461501f74b77c63ca07e4ed0f0d4a3b7d556a90b262501425479fdf259",
    "640f967546ee1defbe4a1dfddb6d0593d5f63d016b13489f598507c069748230": "9ef4efc0fad7d59904c634e20bc59b81bc1b2d1ab31ff0c0bad286a14393588a",
    "641ee9c932db2398bd66252c009becbae35a71e45f66182ad8cdb789edf589d1": "3b3f3a2353c3da0046c9347de8fad902c73478de3512cb739e10032fdced3341",
    "67372e1679fb20cfed98f9ad8b65bcee4493f8b602c9af9674511f3d90fa3b7c": "bee446211bcf5806ee70d8798e0908055c1f422055b64bedeab881544e2d719c",
    "6748fdf4c775204172cb5337e2d34f92d87bf1dc7d65a61a00641974b656480f": "a35d741e2df2a024782dc1f4b6ea59656b628eb75ab19ebfa0738e471b6d4901",
    "67acaf42caa0503a15a5716d15a16186ec9d987e4d3073b44debde53c47a188c": "51b14956713dcdcf96ea86b13197b979e43fb61751d4c6baaedb20edb18c0760",
    "6b648551a66601e3e99ef6bc0b8b21c1d61f4fca247bc9c5700536591aafb766": "0756b4f7090068fc7b42677dfa6b8ec83416d912d54ff4aca281eeb1a65e5d44",
    "6e29fbbb7ead7e526d7f4cb15b17286d90a11fcfac2df1ebeb0d7b55f5d8e041": "11764867e45091f9008bfbbde0ec966460b31091fe7d81158f8cccd1333d6ea4",
    "6eb5f193fd15910ced38afc46873bb11f928e87583c58669cba8be02a3b9290b": "3e4ceca97fd88052796c9c0ba1e5037dcdf2a78bc7b5076efc3b4931310098cb",
    "70ba0b6cd12cf6590e5e9650a3abbd84a091befe4a8f6e4a6b23a09218fbec9e": "07092952c025fe5bb78b863c3d1c76b50ab22c0f5a4f45347bdfcd54c17c5cb0",
    "711282c1b1013ebd8addc635c809006a8c7d91cb2102beff7aa6d2253cf2a8d5": "324a4da7e63a94d6d0efc50bba193e729493495a2c18a0ba12c9c11c20973d67",
    "71fca7baa0d88714070fe1e8d404071f08267fbc60c46f1efc6c1569d6462737": "06a6fa7ebc5c2523cd7d4b79007830f1c7f16f30b0ffc931b843436649120eb9",
    "733a0814a03027073936059a3bbcc41ca58cc3e81cd90a4e0cd14674f1427170": "05a3aafa86b3aff20fd5cc05679095623b317c48a71fd14df7aec49001ae6cad",
    "733ad121c172d63fe7a25b7daa7f13846770209a983fac493649d14f5a1141c1": "d9136af050a709484d5e6872f72a74f1be7a9aefd5033ecd1d881ca0e5684c17",
    "739d0438257bc51e0d13ee9c8eee3a68eddcb48ddb3b7a2d6d8cb46164bc0728": "386037da9d801a9341b20acb120d313848606efce31a0d583bea62d9ad4116e3",
    "7481ce4ce4c1707c0570427810836659a439dedc5d11af4ece400229b607522c": "e625773c18cdd84dfe9ca66afe981a66c79a8ce687a08985ef625fc7eb977d8c",
    "74def14d5395ce6a6033950b139b97982e6a5e65381f5a5368fb48eee6422896": "edc85a8f9e6a29cd434c6a719b9952cd37e26d640ce9ec6f3e11c3bb15eaea2b",
    "75c557ae6bf865f029f3cbf0117d9555154185a5f9a661f4f20cef83b4cbde26": "f99e9359cb185b787b81b8654114500a6805aa5587d8fbbaa7552a550b3eda42",
    "76b503cfd7f00e6e632354bed7238bb9808e2452cffdd2797aa6901d4071a0a8": "0cd2e5d128fd32b00d660bc5f30f2a6ca2a377149b6eff3d7f995627ebfc89cd",
    "77538f2cb6f367f70b8f634f388e03fc89fc283c528f93bd68b562cb65684b48": "448fb8971e5060024f12e1fc157c49ecded79c273fddcdf53ba3a1aaca2e6760",
    "77e1a1fbf4b6187569b9e51db413e890a3f7857828c1d2a2005ef9f75e15a6cc": "1f523eed5663964f2c6660c1bcdea2b27fcba6dd4ce35d5f212266c9df8f3c26",
    "7a81e7143d708f6bb3645c0bce39e3cf30143385db78879207dec55b102086ad": "bbc01253eae65b5b91bd0d2c477a83843c7ca04f01c508abffef9ad095fd2f56",
    "7b67f08de68b28a7f4a10cd54da694090e9c3172ecca5dbf9c958d3c1cf2d142": "31febb5d351ee93770cdaf2bfd2053e957af76a56b3ee6f2253f9cbebb7f3745",
    "7bcfdf012fdf2b7b7e001f5b7fae73e35d722414a815f4c4b55910fdea4babd6": "c28512a91fd304a4593b10109ca5256592a14626f2d5d7e3f930cfed02d7cf62",
    "7e37250e53e8a81cb81a2de290bcd89aeb152dc7cd246cef5f4928d5177e9b5e": "be502264d60ce8ee55441cfcdc0a97f1b16173d30682d9f091fe569b067a0dcb",
    "7e85855e4986c643cf9beec31827363167ae15f0407c662aa5c2fb3538d75e69": "4d8bc506f769b6cb56b8b7d1b9d7be539abe242ad8c87d941907da898aeff575",
    "7eb3ee62cf5cdb0a88db288386fa02740dc7c45be2bd960329d1ce38c348ac33": "eafee54d62308ae51e97aa8cfd510e205372a4c669ba4d8d9c8d20c8cf074f5d",
    "7f61ed25e3b2c7b2f4fd0508bf469c51cd9474e2a454be8c8b6add3dcbb2def9": "46c1c0573ca3a0d4844e076e39075c87239bf5f1cb731a0d1fb11cbb58476570",
    "80ea67ab39af7631df662d0489bda86a3afdd97bc80c52d2e83dcf1c637c6cd7": "6ce6d9e426a4bb751e0aad9778a2139dbbaf71e94704ef5f82742de996c8131b",
    "8125657469b9f68c291cc02281d1bb6def3c82dda8afac40aef2cee498ca88a0": "693a2beb99ff3048f411551bc2fc6f0acb0ce6ec39a0c3828a8ebf71799140ae",
    "81ee5b6601f2521ddc1b58598e0d90e923a93850876af2b9d2efd6080a776c13": "2d993059475cda5f504651a0ccff3a775b353ea7b23bf1126b06de79500cdf9e",
    "84f4d0a554cb9d52ac4cad05dc85182ea18ac1e9dba688458a73d41fcb4025a5": "62396739a0d12c7808ae36a7aa206d910be0141a50f5f9d4dcd642bcba86c87b",
    "850e5fe3069938de127e7918080e742ae2b583b9acd40f890e24b185dc762068": "955ce252670bfa4234c38ecd064b34d4b1af0845396a689d6e0f99ae8a9b6ebc",
    "8570f742ecaa474e12072a35b2c8916be110eb74dbc4f08c5afc5f6ffdd63963": "cf61702abd2070f13d702c5c67a59046b585ab7f19c24c9155cabf2ffc2d4c1d",
    "857ee5b06e7ff47fc329163168c1e4031c48daa930370fc96bf1fe5be0fc5e95": "528fb86d3b1fc745016fbf94e88742b7a19020f7c4da6e079d22b4d286aafe20",
    "8585f3830fa086639c59f5a7fcfac91d7774e920a1b11096b1870543db278116": "33d0f796aa8e01b6544da94d5014a50647e939038db04ab2c3d39b79e62c819b",
    "85bf64616ae0ec2221c37691adc2b91dc214fa1802a09662f8560cfa74223ffc": "357039413851f7b7bf48db4d46979736de669bbaad0cec9afdb574730f58c7eb",
    "869801cb59bc5964268c3df619cb9b31e25e40fd89da0c20c4746209b6ef79a8": "063e66d889b3e00b7c5a4cf10db0fe304d59c01c55f36fe771aab5b7d99b63e1",
    "86d44f0e8ccb203551a99457a7670381bf00678e728133fb6f630ac634e4d3d1": "7518d04a55bd0f88391b1cf7793cf58176cbf3fdf5efba00d414514b3b0a36ca",
    "86f4250d20ce65a2af7882b3295571ac23a7ed4878b2137790ed7ae5be771536": "479978d79fb0c1da372578e90147369ca96fe315606fa512222532269ceec3c5",
    "880fd5cf7052f66d16573460326f7f0d4773d884e3a9bc6e29769b7a1707b807": "a366ae64d4e61492f9fc225afacc0931e49e37464c6521797853a6116527b353",
    "88e0dbbe0f54d8089e9ec30a64e201c03c882bf0a1178a10e80ab7671d72f2b5": "354bf085360fa44ebdeee07b20e2f7c969c187d259234e5a07882809d1a22ffe",
    "8adaabe56e4cd02b3f3db230628c1bb96a2554bec4f467997eac56d0ce98b9d6": "fa61b22edeb19273ea1ac175b55526c019dfc1e5e6eb5b881f20a695c7f8de57",
    "8badc9196c83a46c559c3e12346ad473935e6c9e5ae631c9d403c61593c41d56": "56b0068e50e9012b4706ea8d9d3c2757f3c836ec1d1f286994f2463690d0c994",
    "8c49677a2e2484d4fba4730670e5feea21210929974b4a76d4c10038d06391da": "81f626085555998501cbf19979629db62721913c112366414a841aa9d2fca433",
    "8d105ac7bbec50f9dfdd1f7690a2d3a0e4ebd416708e63ca060adc690f5c0238": "fa61482deceac5f8d32c542f5eac402d82763a8c4a7e54b2bfea73a96d1f0f13",
    "927081f669d1fbd99a7e22a7e6261f2b5bd09db620c081592a97b7a409b70f71": "f634ee75d157502c8271a184fbc659fe2e68c10d250533849dcb3130d4ec6765",
    "950dde8225eee1e0a38eb171d3f4ed811663870c8012313c76aa4cdcebe21794": "baeb07a25cc6283b41da3e829bf5b1e03672b2a65d8171081a4bd23d8d9c1792",
    "97cddc22ed1ac5b28f8006c80c53ad4aaa1d4503f624f74962c7a130964329c3": "b47eeb26f08cf528d74a8d558f4c3e3af99e484a1a27f193ef1ed7bfed029ec0",
    "98e3b1874be230b569f11b84853792d37d5fc91d7b9a60ac52dc206f1697c229": "5cbf82985ca6d78ae71ad846378994806cbd2919e57ddc6f95d568092037eb04",
    "9a420b2a8dfb7fe4d99448cd0d4e0f525d8df135873e9fbc3c5704b4dfc13463": "88e145fce980f3d44255beb6bdea57f6f0401d2824915935681656d391ef0adf",
    "9b896284707f89c078cd0bbe9b0d28c813e4f4c3fa0f3fbb744f05e5b74ef265": "0a5f1c772b551594cfb787cc0be8fe308f8fa1c0b986822d7e7ad9aef290efce",
    "9badfb4b7012561b332b20a9507ea82ffc94219f3a99eec37254e72f5e3ef76a": "3689b440056cb4284c5cb2d6ba57ee9abd64a0ba5c4a7380aeaf56e9e77a5fb7",
    "9bca4fa6053e902d767f278b1de56f022b37b3ab4f9d80ca97f0b372f282ffcd": "806032ef339d8900f3bc9fb07b1c35d57368a8a718e683e6efe9136f633ec441",
    "9c138c960e11725d110673af151090208eec938c637bbbf75ac0593240861108": "8f9dfb240b4ac247a4ae47703ff611a86c3442aecbf7ee105caed6776260e1d4",
    "9ca1627c199da4f5d33ffec08f2f5817d9f1b9542e5be5cb4a6120dedf391673": "7a75c7fc674215f7e1ef08dddad68c6ad7a213200aa36d9bf6b6a5b107a3f271",
    "9e2855f274ccf01cfdeeaeb19e776a067ca168a1f1d42ba2c93d6f88beaf0dd6": "cf2fa0763f71f1b6d28c9c39a9532395a066fc4c25914383733d38edb461545b",
    "a05ba973ccf7d2740b3992ea8801d25f4c09eda7144b31e9d181418f4842049e": "99fde0858ab5f432c01a2c5254057d411a7372e8edfde8ddfcf6714173125876",
    "a0a313644e357411353d8433fa0cf49d00d6a5614e0818eba45e2293732a3c15": "afe578cff80a2874f5dff6a6db7a991bdf425b31eb62c6fdddf8932c35c0df4c",
    "a0ac0dfba325b43cde35248c982f926db2b612dac9e7ab44e48180aedfab31d9": "eee932c08519608b148af0dd57ef0f64ae7a33dc0d17cca4b69aadf0f7244c96",
    "a15de4ba25f1f8c58ea401baebbe7ccafc6332a2c8a9bb5ff92c039c14f08994": "557d2b82f3c6ef605bde1f39dc0f55910f395a5f645b07f42e62dc85d37a9a70",
    "a3e61dc7e03729ecb32898a78e84405164a980de7fc033c7b157e9da360b2b63": "7a836c46185f20c3e9b4ff4b456fe9aebe16604a4becd5e9d14d4d8d9079f1a5",
    "a5220104dc74b761038d47f96852511268815e16dc00a6c99f2d3f40b555317e": "f1c3c104125b08b519e114d60ab1d4f350b1d1fd1992637e4cdc47e4bea3aff1",
    "abfa49b2efdfacc6fbe9b96238a976e8761ef195b5b531f72b397b10b65d4056": "1ad83c9299605cc8d67a75205dae0b54156044f42a55344e014025ba2af21d8a",
    "ad40d0fa073364890a3b575f2b3a867abe24cfade07dda47ecd934f5b0edf947": "8ae0112665b81e529057d419f7d463604b7c6667afe58c782225a2d872ef5ae5",
    "ae86fbf9de4baec769bab9ec7f3799f104fdbaf5099155a1eacb8c75ae8a1344": "87d3bdd52b2dc9ffb024902f727774a6188ce8bddaa8582bb12687580ca25474",
    "ae9036b39a0052e8d5ad09ae445e341c1f8d4d0418f029abca4d2d9d0f1e76f7": "95d0f55268e26f98ba98af42cd1661d277932c722bf6d586f234504ab30f76c7",
    "b094ebec6449e091f2a06aef53cc89b63e764446e4c7c0f01b4743c47e4df002": "f01b61c2ad622cc1d31ceef15b82242987852ff18fdf6e524b010bd7227adb5c",
    "b11c0dec510c62b82bf32d40b3dff9aa90dce4a3bb11503bb2364778471d5026": "f8d29c3e1da1f44fb33090304b646b7e782971e2a5823077574427848e22a1d8",
    "b21c4da3e45cd64a452d9aedaafce54cf5d3c08d3960c2fac54e672a56645ad6": "aca6db0144ef5f8c895ce4a37472b9b0c45df9fd8f5195570bfb997d4a4d91cb",
    "b3999ac2ff7f0e0df6314faf267d5b68b8fa7cc776c77619cbebb93cd0ab08c1": "2bfa4b6850441b1cf368002e43e59de7691816c275c169d917870cda52c2ac84",
    "b3b22c23ade9d763f3325b9bc4d72bda734e53a7cc9ce3bd3b814d615e49f22b": "38c8afe6978c5c10b079965aee937a46f7479b96adf53cdfd8c6330d47d6a831",
    "b77eb1900948e14705b18791f7fa9c7288adbbbd5c163642f753f3cfbf894741": "91a5fae26e43417905c2ecd5c5fff07af7927ef70fe90b7b73e072fcfad420ac",
    "b7b48373c997f311b232387c56f150d9e9a6d7dbc6e21677ee60f2ceb45c55fa": "c12760a8b97e2638e607142e32be3f27dc9216d2a4204569a9d258336429f535",
    "b7d4e8d520ba246b6fb7e1054f67f6fa504a1a97e032ee6ce0694ce100cf769d": "606c6e60799dcd5d903e19fbbf1bbf51a721b42fe4307bd0a67060647eeaea4b",
    "b92472276af68c74cb578cb7bd4172f27ebe25bd4520b357f80ceb9132040019": "35910463ee35da4e6eaf383df47b6260bd9836790128fae4ced2a899913efc67",
    "b9c049b495a4e9cf8e1866d1f43ed8b530d4b3ca819ec621914d7b296d9cd3d1": "5095caf80e9b35677419fe04d7efb7193d5ff1adb1b6fcf3773852c32c8ce77c",
    "b9cde1a640fd8f3c185bddd8bf172e18916018373582dd1e0ba95f61c4a06d15": "755b1847433b7e0c805e2ae97e1377235dad75812e5db33fefc96e95d69068f5",
    "bd2cfdbf4064fedd09d85786f78a0f1abb3702d656fada5fcf323372e4524a0b": "e784f89ef352725a2e82688e40e8c794978d7d5a7b8afb14308fd1adae13f343",
    "bee362d9d41f63103c1bd8946ce389604b7c53acc794a559bededc676aa6ec04": "af68af8910adb0c690ebf9dc46a952893b3d1e5f6ff5120a0eeb8bdfdf40dbbc",
    "bfd3fb9da416f6e43ebe4433f23f0f4b42f90d08d7dbe3235cb7f084af16f4ac": "7c7dfb0cb350f453394694257953905b1c9d0bb2624d3160a24f4d21f21a4973",
    "c257537062f21482d9acc18fa72560325c555bfcfbbacd159a1088297552f941": "1fb58e9c3600515b780434a5183a4a828a74e1d424b1f1d1c1735f72ee90cdc1",
    "c28b896c4bedf7d2d982d410f2783fb3727dd119076fcdc8752f3d375ac45c34": "bfb02256ddc4994a9cb2386a99c8beb07c7d258fd5eaf12beb7ce27abd499e36",
    "c29e9d7d98baefd579f96a0af960e506ea3010ba4a3f893755d86f1c5a6dfb70": "191c38a1fd7fa2116a8ce946a3f4c68c81df58033a83a5c418163094a464c9b1",
    "c38f2a2e2abc7e7801acd3a8da9dfe81471681bfc518952e1c68e80f92808858": "4c46baa3b144efd9c2091fea053a04b87e97a7c077ead3b02ffbd328ab840e5c",
    "c3e32540f95f42705bf18d8c1bcaf986b14d6813f7387cba37613bc38d6a9bf1": "66ded6c8be0c34adaf5efd22b7fde810f381fa4fe12bffd875044f72858b4f6e",
    "c606aef691c7811cfbe6df92e5d1048431f976749728e9b254fdaed2e0832132": "c0b61e366b77734bf5060727841c079e720dc44bd99a50beb26692dd3e1699e2",
    "c6554be43dad4949fca7d360363d02886f7752d615c86c2fb487d130f0e0eede": "a904ad264cada7a73a9d03e9e78ad5aecbf7d92ed7b7684f32c3674a7fca6ce1",
    "c7584f1cf152bdef25f18dfb200c134a05440497176c14e9b4a25deacc271f2b": "2e37f0d536880aa7858ef3a63943c48398bcb31fddc324944a5202685d5f7598",
    "c782ff57f357500b261a8e692e26ae708a2080b1642e808f80cf9eb4ca74dd71": "28a8ef8bbb604aacc700d1ced4a91075209f4f3ee2ddd96d3a5f532d63f81ca6",
    "c855592299f1496057a5ad8e1bd1071071ca44de8d2fb9c48363a0d7bfe74537": "82b28870ad82dcff2ae48506f72a1898dfafa19dc49d89766bb7138cfd264f34",
    "c950673cfc27c5f141ee66ee88aed890939d2b7acf335e314cb8c50d632ddb8e": "698e29b6c430140fe8ca1c020f795a7961c76b9f79ed7b73773564284aa4d530",
    "cb9cfa220a8a3c824fb834ebcd4abfa693a13ac74dc9c5acd717f70cef26cfa1": "7ad2c999fe4225c559b9a1f7adbd8009f57ad661ba88d2302fe2a061d158da7d",
    "ccfbc9374075eb516eff0f87a4d43c74c9d51f99bae77893769d936214398f53": "d36593d439b6f20b94a03e600dcfce1c86e29adc6265a19769bece096c9cb637",
    "cd6a26c7c97b3329026bc909f60606cc58eecf706bdabfcea55a5fa859b4d22c": "b93a43296b3d16e9895f9a8e59874b019c8a305024f20e94ac2c3519fd2f89dc",
    "cd77fad695926f06f3c4d9fe137f0e80de98f293c857b66c5d67ead4e0e5150b": "50a964aa49b1e677d3228840791c25bec71d26752baadc2cbb82354190e0b7b2",
    "ce14e2b7789fd3749e9badabcdd8eaf704f86d50b18ae68c13cfe544a94f6ecd": "3bcc8d11d11db5f247b605c781445e389ae7024c69100f0f0e10799a4491fafc",
    "d173734a4b73db77e6716fc9fc24e62e0a0c5e5e2c1031c06f25096a31e2b205": "01850111ea8fdb1cfcdcb4f6526267068bd592828d4acd2ebc6520e05c173458",
    "d2195ad672269cf03d18a2d64da19eb2008b56e74ba2f09dfb5b09c6bc267026": "5c8d6b81bf419f968f9eb4183362a47f5542d74993cad588aa91ea6d1b7af9b8",
    "d312469eae2f17aa77a230391145e250dae8bfcdbd9a18088c2bade22edc0c7d": "63b962f2e1aa59e62341b7bebca4bf1866ce5029f3ea4fed9a625e463b440dd9",
    "d32a3a211d5bf5c8490b7340c7178983e019339b9122e04c755aad89bebc7c7a": "c0a58e5834c368d278b763179a591a60a67955f287c71e774e341b2610a17b29",
    "d41eb03f32b0a1df8c69e93d93837b573bf2dce712a8f49494d30f5b76d0198e": "772d2ef45b2a62bfa97d13e1a091d26a1d7134d0a82e0d5dc7ada51beaafce0d",
    "d5569b965e0a81945bdff0f7f1e4a2e8564d8708fcbd590d9c0853c13e4803ca": "15f6222e40dab21105e994828beec37ba233a077813f61aeb2ed10e3d67d3334",
    "d6a477dd501bb0cb62223f26c6bcecaf4e6820b0275e07981f015ab458d3df6f": "31b6a613147b0a936c4a5df8b49b45e727f69779cec93be377e5d099d51b8b17",
    "d74100d0e3f8aca2751dc9129a3d0e4e1df92391478da41069fd2c01a9cce47a": "e339d66497781aa216062cd1bee227ef283edcb1b24da60df2f829252aa80b33",
    "da3cb50ce887dd0b35df8af78f76a2328b04d5794e93de2b2f9582b57e37b84d": "6bd45872a35cc7c6118d330f91a02adb47b3011d9f367846f1e17228cc8eff84",
    "db1be76b7beadedb3f582da6679a01a343d13a6952756f40c20bb31217d7ad68": "6ad94439fd3884abdc609d1f1fe4170ce222e312672a67cabfb5f7a22af4bb97",
    "dbde91c9ed5efe49638df121db20452f70aa6d7a5a59b9ab5037db3ecdcbc4f1": "adfd0704df0fee9239f4fed15d39c75f006783b34574112b79f4afd5e035d149",
    "dbea4da8389fc247aee2f1b28bf0ec3bafe289481a6707504419f0cad1b462cb": "d6d645af5512f217c6f2b41771fa1d6fdc143738b199afeb52168bf6dc016b45",
    "dd088a35fa0c482f0cfc3196ae630d69ae7a393d0ca8628d5bbb47e0a43eca86": "defe73fa47fd8a238fb6bad1164b4ca8e1dec119b53babb6284c84d1dd0f6792",
    "dd4a6a6a149f497d2771451142d4013177f31d25663b14a0c3c14a94da636daf": "a47775bd481436e9c0d2f721bc326ff78a9b1c263d51ac9889461a00ed02b1c5",
    "df8510b4552212852847632ff2f5c6fc00f1f139391cf84f86ffdf5c4fd59ab4": "cca3bb0c46c48222833d6a9a622eff87e583a9ec696ce799a372ea646866d7b2",
    "e430c51ba0f0627c3b635b750b7d022a77311264651dc191eb8c9d2698033c94": "d266b3d200ecd4159ee9e35cf0dedff3c9e4c9bc4b84be12e66f4f012f8538a3",
    "e6072b926ffc9695aa06ed72eacfdef883f641b3c8ab06f795ecb38d068da1cc": "94e019a8ef627b3fa667e49340c98b39383ce9ae0372f3f67f0b88ba6f0097e7",
    "e77335b37bae08d52cb9cc9eb171efc9f1b19126b7e9fbcd3ac49d75bdc4e2f5": "81478beab296d4ec8db0d23e9349a3bef647277005681f5e931cca0b88711f9c",
    "e98a4b9d66c29b4e586143b3a5a65f88f597593d1bf401d17ee90501a48771a1": "abffead2aca1a10eebe485bcd4039b9ecef71ce6c315384f7ac1ca3596d64007",
    "e9b2aa5acfce50e770a25c392941562f593f93d461ca039e5351f5c4b50be292": "98e66a104ef3af3d623d59a954eaab0b9db4df8d018843efac53a31ce98d2597",
    "ed577df2d0e58cd8baa64fa32fc5db7761ee407918e379340d556aa14fafdeed": "018abc371f6964bc0aa873de25b985d402ea29799c020543927483711566751f",
    "edff0b2c26fda9a8a87b9aae5a5468d98dc3bff7abc09de2b58b895bfc487731": "5f73e92e7f15bbbc2473005fcb95c572fe8eee63635eaababcd784e54312cb0a",
    "eed43142fe0bcac75bfa9baaf9e7b86379dd4cc1e61e973ef393285868fd33fd": "86825936ce910ee8455e4bf63b2df0645d72c951b3629c253a5b76059546f217",
    "ef417356f964aa6d9a5e7785091ef0607f1f8d40b226dad526bc723a1f4df6fe": "9f670e1ff3482dc00defeccdb9f422f5f75b8cae61699d4133bb018097cd33a5",
    "f0ec33829cbd32aee8138b6453fca3132adcc254d941990ea64b65463424ee08": "1e0f7c28d68fee0985951a3e4200fa25b258dfb5cbbfba3fd9ac549d0d2dc3cd",
    "f49c53740cda3a7f22e42edece5ae470ef9e437706ef9b19ae3b725005ef2947": "a89e9edf9ec5bfe5a1c56266abc52c032c5a5a04500d56e9a433ecb89fca5b57",
    "f58ec428744170d1ce99c54f7114e1be28bc54478b93ff724c93165ce7b222bd": "1b34192440abfb5db145ddf9b7ca8909e6d67fe10767eed61311e628af4086ce",
    "f94e26f04d66b0bb02a64da5add3abe6c241624b978e0a283940cf8293a25ba3": "725ecbefc49061993cccbc57c6883c48919e43610fee9daafd8d621909219f24",
    "fa71df2a83c25a4b0f7eda497f4d55d8376779974ee5907c4d7d91f287a917fe": "a3a6406cc521971781cc2d4dfdb7f0f673251de90813dae76e448bbf24cc77cf",
    "fcaa5d987d22b1793196fa4c2f6dc29e05ba5b20f9d3ba35f4baf49b964ddc24": "8cc4d917c75a009b57dd0f742cc68c6414293693d1f366d17662c019231750ad",
    "fce99d4c237958d966828d65256fd70ad82ad8edbe5b08edc8ae104039e159ec": "d54e9fda487ef0b4a8d64af42d6c5cf222b77f59fcede37678e7fd0f96415099",
    "ff820b262632e45834e0ba34568554e649ef5068d0f13250d3cbd1e7fbf86cb1": "bf7c44d3a9088b83b52623f6b87ddf0b1643cdbecd380a330e8bb73b6d868bcf"
  },
  "protection_state": "recorded",
  "provider": "",
  "server_context": {
    "compiler_version": 3,
    "glossary": {
      "applied": [],
      "content_hash": "4f53cda18c2baa0c0354bb5f9a3ecbe5ed12ab4d8e11ba873c2f11161202b945",
      "shadowed": [],
      "version": null
    },
    "selector_version": 2,
    "voice": {
      "content_hash": "12ae32cb1ec02d01eda3581b127c1fee3b0dc53572ed6baf239721a03d82e126",
      "version": null
    }
  },
  "source_commit_sha": "938a7a042e3726f923fe1218469f2341b70ca1b0",
  "source_path": "server/priv/gettext/dashboard_gradle.pot",
  "translated_at": "2026-10-05T17:58:57.174063Z",
  "translation_session_id": "01a10d33-8747-7d01-bb0e-65a99d3a651d"
}
