{
  "hash": "344dd01900085ee6dd1960861d4f14ac72cb3a9c8bdd7c248718654e8a12662f",
  "hash_tree": {
    "context": {
      "child": {
        "file": "server/L10N.md",
        "hash": "0879bdf5dc534e1a0d665bfee7247bc56bdf5c07163f270a05bd2666a07536e6",
        "locale_override": {
          "file": "server/L10N/es.md",
          "hash": "0fddcd4efd657f1b06dcfd0915245d2f172199275328cfa77c8f000c711a0361"
        }
      },
      "file": "L10N.md",
      "hash": "5d5910c58a27c289d172b18f0bca28176bf6b6a74bd894e27273f55199cd2816"
    },
    "source": {
      "file": "server/priv/gettext/dashboard_account.pot",
      "hash": "3035e5a9cd38ec051b0b57e852362bc0e573b86c700515008a8503456dbf81b9"
    }
  },
  "model": "openai:gpt-4.1-mini",
  "translated_at": "2026-05-06T14:42:03.967321Z"
}