{
  "hash": "b9205a6ef442e930680fc6924b38239b353784cc91bd18a912774cc006f20ef9",
  "hash_tree": {
    "context": {
      "child": {
        "file": "server/L10N.md",
        "hash": "0879bdf5dc534e1a0d665bfee7247bc56bdf5c07163f270a05bd2666a07536e6",
        "locale_override": {
          "file": "server/L10N/es.md",
          "hash": "0fddcd4efd657f1b06dcfd0915245d2f172199275328cfa77c8f000c711a0361"
        }
      },
      "file": "L10N.md",
      "hash": "5d5910c58a27c289d172b18f0bca28176bf6b6a74bd894e27273f55199cd2816"
    },
    "source": {
      "file": "server/priv/gettext/dashboard_account.pot",
      "hash": "657d9c09b476050ba189c886fcd9f261d728666c20917dbde9a74f27e321a943"
    }
  },
  "model": "openai:gpt-4.1-mini",
  "translated_at": "2026-04-28T12:24:10.781892Z"
}