{
  "hash": "d9290ee94977ffedcfaf6f7dfc23998823fbbf021243dabcba8b2f2cf2117ebe",
  "hash_tree": {
    "context": {
      "child": {
        "file": "server/L10N.md",
        "hash": "4b6d469c7014caa6766970af517055bd43685866b230e2545cce3b06044cec87",
        "locale_override": {
          "file": "server/L10N/es.md",
          "hash": "0fddcd4efd657f1b06dcfd0915245d2f172199275328cfa77c8f000c711a0361"
        }
      },
      "file": "L10N.md",
      "hash": "5d5910c58a27c289d172b18f0bca28176bf6b6a74bd894e27273f55199cd2816"
    },
    "source": {
      "file": "server/priv/gettext/dashboard_account.pot",
      "hash": "96251df0deb42f45955e1cab1c027e9efa8fbf8cee8386eae0a2a3ab6b4dbdb5"
    }
  },
  "model": "openai:gpt-4.1-mini",
  "translated_at": "2026-05-19T13:32:42.133033Z"
}