{
  "hash": "8cb2451cdcef63cfe60531be8dd1ada2a22b13ed0a9db71b302603eb0e85dfd1",
  "hash_tree": {
    "context": {
      "child": {
        "file": "server/L10N.md",
        "hash": "0879bdf5dc534e1a0d665bfee7247bc56bdf5c07163f270a05bd2666a07536e6"
      },
      "file": "L10N.md",
      "hash": "5d5910c58a27c289d172b18f0bca28176bf6b6a74bd894e27273f55199cd2816"
    },
    "source": {
      "file": "server/priv/gettext/dashboard_account.pot",
      "hash": "f9b4cde51b468518be9cf8e03f36ab0270d0e05ccbff85fe076a6765bfd68701"
    }
  },
  "model": "openai:gpt-4.1-mini",
  "translated_at": "2026-05-05T07:04:21.786303Z"
}