{
  "context_files": [
    {
      "hash": "d8ddb528531aa9d4820a4cd80a344266e13f3da9342ed7490baac74cfce73919",
      "path": "server/L10N.md"
    },
    {
      "hash": "228bdeb0404f501a25aaf9fde3ec22f8c937b03edbeaf3ce3e35b274f07a140f",
      "path": "L10N.md"
    }
  ],
  "hash": "27a917babefdfa40efaa51884574686fe606a69b1e7b580e3a2b33dfff1c4f79",
  "locale_override_files": [],
  "model": "openai:gpt-4.1-mini",
  "source": {
    "file": "server/priv/gettext/dashboard_account.pot",
    "hash": "d2edb7538946da9c51d94044caee638ba6c55054dffa53903d4b0de0053696ed"
  },
  "translated_at": "2026-03-31T16:50:34.799991Z"
}