{
  "hash": "366aace5905735f0fc4207c73459c21d2bdd4800c9d3d19c1eb6a7cb36557c16",
  "hash_tree": {
    "context": {
      "child": {
        "file": "server/L10N.md",
        "hash": "4b6d469c7014caa6766970af517055bd43685866b230e2545cce3b06044cec87"
      },
      "file": "L10N.md",
      "hash": "5d5910c58a27c289d172b18f0bca28176bf6b6a74bd894e27273f55199cd2816"
    },
    "source": {
      "file": "server/priv/gettext/dashboard_account.pot",
      "hash": "32c14b3db11f1746ddf7f9d1bd54614ef30619f760d5547606cc375458790275"
    }
  },
  "model": "hive:Translator",
  "translated_at": "2026-09-28T18:49:57.873591Z"
}