{
  "hash": "861067548d68fe4c0c264483225eb71944e9ac271eee9383d0a6df01c92094d4",
  "hash_tree": {
    "context": {
      "child": {
        "file": "server/L10N.md",
        "hash": "4b6d469c7014caa6766970af517055bd43685866b230e2545cce3b06044cec87"
      },
      "file": "L10N.md",
      "hash": "5d5910c58a27c289d172b18f0bca28176bf6b6a74bd894e27273f55199cd2816"
    },
    "source": {
      "file": "server/priv/gettext/errors.pot",
      "hash": "d7a284f56503508d5bcbe174439c1ee01dba18404b911eac8e919ee0b322da50"
    }
  },
  "model": "hive:Translator",
  "translated_at": "2026-09-15T08:20:06.790562Z"
}