{
  "hash": "b6742434471eb5c97263f272dcc95c300c2228de20a149f748073dbec6912137",
  "hash_tree": {
    "context": {
      "child": {
        "file": "server/L10N.md",
        "hash": "4b6d469c7014caa6766970af517055bd43685866b230e2545cce3b06044cec87"
      },
      "file": "L10N.md",
      "hash": "5d5910c58a27c289d172b18f0bca28176bf6b6a74bd894e27273f55199cd2816"
    },
    "source": {
      "file": "server/priv/gettext/dashboard.pot",
      "hash": "32d2af4f008205d3140a24e00f4817b442528cadc6c09a94b54cf5743b627623"
    }
  },
  "model": "openai:gpt-4.1-mini",
  "translated_at": "2026-05-11T14:05:41.972744Z"
}