# @generated - this file is auto-generated by `mise lock` https://mise.en.dev/dev-tools/mise-lock.html

[[tools.aube]]
version = "1.6.2"
backend = "github:endevco/aube"

[tools.aube."platforms.linux-arm64"]
checksum = "sha256:1c47d2c0a50cf80f49aedcc2f58ce8abcbdf763092e772c8961c6e5b18916e8b"
url = "https://github.com/endevco/aube/releases/download/v1.6.2/aube-v1.6.2-aarch64-unknown-linux-gnu.tar.gz"
url_api = "https://api.github.com/repos/endevco/aube/releases/assets/410164231"

[tools.aube."platforms.linux-arm64-musl"]
checksum = "sha256:9780776921db3a54fc3237f50b9686489d93115e26584c7a85d54ce96a8e9b39"
url = "https://github.com/endevco/aube/releases/download/v1.6.2/aube-v1.6.2-aarch64-unknown-linux-musl.tar.gz"
url_api = "https://api.github.com/repos/endevco/aube/releases/assets/410164229"

[tools.aube."platforms.linux-x64"]
checksum = "sha256:16fcc40dfbaac110ce8f4e88728a440f2366094a45fd6c189bcbcc2b3ea31f06"
url = "https://github.com/endevco/aube/releases/download/v1.6.2/aube-v1.6.2-x86_64-unknown-linux-gnu.tar.gz"
url_api = "https://api.github.com/repos/endevco/aube/releases/assets/410164107"

[tools.aube."platforms.linux-x64-musl"]
checksum = "sha256:2ee3821fd62b56bb39cb2ceffe6ad38975e35f82311ca7f9ec6ee28bc6d284b8"
url = "https://github.com/endevco/aube/releases/download/v1.6.2/aube-v1.6.2-x86_64-unknown-linux-musl.tar.gz"
url_api = "https://api.github.com/repos/endevco/aube/releases/assets/410164199"

[tools.aube."platforms.macos-arm64"]
checksum = "sha256:4ce92482500f77f0779f288328cb7411f7ae2441b8618eae36a2ab5ea7591a32"
url = "https://github.com/endevco/aube/releases/download/v1.6.2/aube-v1.6.2-aarch64-apple-darwin.tar.gz"
url_api = "https://api.github.com/repos/endevco/aube/releases/assets/410166750"

[tools.aube."platforms.windows-x64"]
checksum = "sha256:916594efae8f8b59fc898913f96d199a21d212c7037043853ee04df7264611d0"
url = "https://github.com/endevco/aube/releases/download/v1.6.2/aube-v1.6.2-x86_64-pc-windows-msvc.zip"
url_api = "https://api.github.com/repos/endevco/aube/releases/assets/410174742"

[[tools.node]]
version = "20.12.0"
backend = "core:node"

[tools.node."platforms.linux-arm64"]
checksum = "sha256:8e180526df8ad4086a4df7bfaaa14d21eb2a6cf58b1c5493c639022c165c2884"
url = "https://nodejs.org/dist/v20.12.0/node-v20.12.0-linux-arm64.tar.gz"

[tools.node."platforms.linux-x64"]
checksum = "sha256:b6b998947595c9550d6b89c815a68d608f5920275f1b48812f89792de3fdd893"
url = "https://nodejs.org/dist/v20.12.0/node-v20.12.0-linux-x64.tar.gz"

[tools.node."platforms.macos-arm64"]
checksum = "sha256:422a74b7ede14b697a8c2ca887ea161fe79898a35f163fdfb98435c5ab25027b"
url = "https://nodejs.org/dist/v20.12.0/node-v20.12.0-darwin-arm64.tar.gz"

[tools.node."platforms.macos-x64"]
checksum = "sha256:5c7d71a1c1cf613037432e0b6c3d913d96604d9293b3397ec70b344730c81daf"
url = "https://nodejs.org/dist/v20.12.0/node-v20.12.0-darwin-x64.tar.gz"

[tools.node."platforms.windows-x64"]
checksum = "sha256:85db3df652459e380edbbc57973c00c1e15626d354a9ae6ddfc45d27cc573584"
url = "https://nodejs.org/dist/v20.12.0/node-v20.12.0-win-x64.zip"

[[tools."npm:wrangler"]]
version = "4.30.0"
backend = "npm:wrangler"
