# @generated - this file is auto-generated by `mise lock` https://mise.en.dev/dev-tools/mise-lock.html

[[tools.aube]]
version = "1.6.2"
backend = "github:endevco/aube"

[tools.aube."platforms.linux-arm64"]
checksum = "sha256:1c47d2c0a50cf80f49aedcc2f58ce8abcbdf763092e772c8961c6e5b18916e8b"
url = "https://github.com/jdx/aube/releases/download/v1.6.2/aube-v1.6.2-aarch64-unknown-linux-gnu.tar.gz"
url_api = "https://api.github.com/repos/jdx/aube/releases/assets/410164231"

[tools.aube."platforms.linux-arm64-musl"]
checksum = "sha256:9780776921db3a54fc3237f50b9686489d93115e26584c7a85d54ce96a8e9b39"
url = "https://github.com/jdx/aube/releases/download/v1.6.2/aube-v1.6.2-aarch64-unknown-linux-musl.tar.gz"
url_api = "https://api.github.com/repos/jdx/aube/releases/assets/410164229"

[tools.aube."platforms.linux-x64"]
checksum = "sha256:16fcc40dfbaac110ce8f4e88728a440f2366094a45fd6c189bcbcc2b3ea31f06"
url = "https://github.com/jdx/aube/releases/download/v1.6.2/aube-v1.6.2-x86_64-unknown-linux-gnu.tar.gz"
url_api = "https://api.github.com/repos/jdx/aube/releases/assets/410164107"

[tools.aube."platforms.linux-x64-musl"]
checksum = "sha256:2ee3821fd62b56bb39cb2ceffe6ad38975e35f82311ca7f9ec6ee28bc6d284b8"
url = "https://github.com/jdx/aube/releases/download/v1.6.2/aube-v1.6.2-x86_64-unknown-linux-musl.tar.gz"
url_api = "https://api.github.com/repos/jdx/aube/releases/assets/410164199"

[tools.aube."platforms.macos-arm64"]
checksum = "sha256:4ce92482500f77f0779f288328cb7411f7ae2441b8618eae36a2ab5ea7591a32"
url = "https://github.com/jdx/aube/releases/download/v1.6.2/aube-v1.6.2-aarch64-apple-darwin.tar.gz"
url_api = "https://api.github.com/repos/jdx/aube/releases/assets/410166750"

[tools.aube."platforms.windows-x64"]
checksum = "sha256:916594efae8f8b59fc898913f96d199a21d212c7037043853ee04df7264611d0"
url = "https://github.com/jdx/aube/releases/download/v1.6.2/aube-v1.6.2-x86_64-pc-windows-msvc.zip"
url_api = "https://api.github.com/repos/jdx/aube/releases/assets/410174742"

[[tools.node]]
version = "22.12.0"
backend = "core:node"

[tools.node."platforms.linux-arm64"]
checksum = "sha256:9e7905fdee722f9650a03ae644b51c4c6effd3b98ac93c588700072ab35c9ddb"
url = "https://nodejs.org/dist/v22.12.0/node-v22.12.0-linux-arm64.tar.gz"

[tools.node."platforms.linux-arm64-musl"]
url = "https://unofficial-builds.nodejs.org/download/release/v22.12.0/node-v22.12.0-linux-arm64-musl.tar.gz"

[tools.node."platforms.linux-x64"]
checksum = "sha256:e05a4d65232ae2b27b3d77da2e368522fb46b923335b8e0d5f77624c32484044"
url = "https://nodejs.org/dist/v22.12.0/node-v22.12.0-linux-x64.tar.gz"

[tools.node."platforms.linux-x64-musl"]
checksum = "sha256:8d96de0293fc3978d09e2a3fee68c66bca4efcca90f52105e6f7463636e97308"
url = "https://unofficial-builds.nodejs.org/download/release/v22.12.0/node-v22.12.0-linux-x64-musl.tar.gz"

[tools.node."platforms.macos-arm64"]
checksum = "sha256:293dcc6c2408da21562d135b0412525e381bb6fe150d688edb58fe850d0f3e13"
url = "https://nodejs.org/dist/v22.12.0/node-v22.12.0-darwin-arm64.tar.gz"

[tools.node."platforms.macos-x64"]
checksum = "sha256:52bc25dd026db7247c3c00439afdb83e95087248267f02d6c1a7250d1f896173"
url = "https://nodejs.org/dist/v22.12.0/node-v22.12.0-darwin-x64.tar.gz"

[tools.node."platforms.windows-x64"]
checksum = "sha256:2b8f2256382f97ad51e29ff71f702961af466c4616393f767455501e6aece9b8"
url = "https://nodejs.org/dist/v22.12.0/node-v22.12.0-win-x64.zip"

[[tools."npm:wrangler"]]
version = "4.40.3"
backend = "npm:wrangler"
