{
  "name": "rawtree-jev-ci-review",
  "lockfileVersion": 3,
  "requires": true,
  "packages": {
    "": {
      "name": "rawtree-jev-ci-review",
      "dependencies": {
        "@typesafe-ai/sdk": "0.6.0"
      },
      "engines": {
        "node": ">=24"
      }
    },
    "node_modules/@typesafe-ai/sdk": {
      "version": "0.6.0",
      "resolved": "https://registry.npmjs.org/@typesafe-ai/sdk/-/sdk-0.6.0.tgz",
      "integrity": "sha512-IddX+Q0XM+VagOUZFeP7wZjaO4SHMdvnh2zEBdrZZnXedWI3BNK1lKhMx3ayrkFWvVLbVcUHJy6AVZlY+e6Jaw==",
      "license": "MIT",
      "engines": {
        "node": ">=20"
      }
    }
  }
}
