{
  "context_files": [
    {
      "hash": "d8ddb528531aa9d4820a4cd80a344266e13f3da9342ed7490baac74cfce73919",
      "path": "server/L10N.md"
    },
    {
      "hash": "228bdeb0404f501a25aaf9fde3ec22f8c937b03edbeaf3ce3e35b274f07a140f",
      "path": "L10N.md"
    }
  ],
  "hash": "3fd3662eabb0b1e22c229e300f4e96748015ca6aca7dd82ff2953fcfc3080662",
  "locale_override_files": [
    {
      "hash": "0fddcd4efd657f1b06dcfd0915245d2f172199275328cfa77c8f000c711a0361",
      "path": "server/L10N/es.md"
    }
  ],
  "model": "openai:gpt-4.1-mini",
  "source": {
    "file": "server/priv/gettext/marketing.pot",
    "hash": "17818813fb722a130b3b76f11bfa40c46fed701a7e5a5e06d145dade93a87fd1"
  },
  "translated_at": "2026-04-01T08:33:29.888365Z"
}