{
  "hash": "fcc6cdbceb9499ce6eaceab218c9b1b6f691bc0c3aaf31b4f33f0fd8ce636324",
  "hash_tree": {
    "context": {
      "child": {
        "file": "server/L10N.md",
        "hash": "4b6d469c7014caa6766970af517055bd43685866b230e2545cce3b06044cec87",
        "locale_override": {
          "file": "server/L10N/ko.md",
          "hash": "246a7eeda154e1fe1173aa6f05c26415a581a6a2dae6c84f6ebc30d895537c3c"
        }
      },
      "file": "L10N.md",
      "hash": "5d5910c58a27c289d172b18f0bca28176bf6b6a74bd894e27273f55199cd2816"
    },
    "source": {
      "file": "server/priv/gettext/marketing.pot",
      "hash": "4ca7167dbd17103974dd05a02985a9ba06e3daa0d69d966b4f38bc2045728361"
    }
  },
  "model": "hive:Translator",
  "translated_at": "2026-09-15T13:22:09.701439Z"
}