{
  "hash": "e4417ea6e4a18d0e2d156e13696baa80f8a4a31c75291d72d7aff889be223164",
  "hash_tree": {
    "context": {
      "child": {
        "file": "server/L10N.md",
        "hash": "4b6d469c7014caa6766970af517055bd43685866b230e2545cce3b06044cec87",
        "locale_override": {
          "file": "server/L10N/ru.md",
          "hash": "5914fdf6085dca5e1fc50ab448ca8692747a20134a7ab38d6867bb1524ed29bc"
        }
      },
      "file": "L10N.md",
      "hash": "5d5910c58a27c289d172b18f0bca28176bf6b6a74bd894e27273f55199cd2816"
    },
    "source": {
      "file": "server/priv/gettext/marketing.pot",
      "hash": "d28bb415ea10d06c9617c59cd28dbed1dc8bbd3d1492a84cce4b8685058ccb99"
    }
  },
  "model": "hive:Translator",
  "translated_at": "2026-09-23T07:37:33.272162Z"
}