{
  "context_files": [
    {
      "hash": "d8ddb528531aa9d4820a4cd80a344266e13f3da9342ed7490baac74cfce73919",
      "path": "server/L10N.md"
    },
    {
      "hash": "228bdeb0404f501a25aaf9fde3ec22f8c937b03edbeaf3ce3e35b274f07a140f",
      "path": "L10N.md"
    }
  ],
  "hash": "b6a73a58834c586cce143589b9854d5860e85fde6c73c82f0c390ab5245c53fc",
  "locale_override_files": [],
  "model": "openai:gpt-4.1-mini",
  "source": {
    "file": "server/priv/gettext/marketing.pot",
    "hash": "17818813fb722a130b3b76f11bfa40c46fed701a7e5a5e06d145dade93a87fd1"
  },
  "translated_at": "2026-04-01T08:53:54.031397Z"
}